
Microsoft Visual Studio Solution File, Format Version 12.00
# Visual Studio Version 16
VisualStudioVersion = 16.0.32929.386
MinimumVisualStudioVersion = 10.0.40219.1
Project("{FAE04EC0-301F-11D3-BF4B-00C04F79EFBC}") = "AloneWork_2-2.11", "AloneWork_2-2.11\AloneWork_2-2.11.csproj", "{C675CEA8-201A-4BBA-A098-4661C1BDB6A2}"
EndProject
Global
	GlobalSection(SolutionConfigurationPlatforms) = preSolution
		Debug|Any CPU = Debug|Any CPU
		Release|Any CPU = Release|Any CPU
	EndGlobalSection
	GlobalSection(ProjectConfigurationPlatforms) = postSolution
		{C675CEA8-201A-4BBA-A098-4661C1BDB6A2}.Debug|Any CPU.ActiveCfg = Debug|Any CPU
		{C675CEA8-201A-4BBA-A098-4661C1BDB6A2}.Debug|Any CPU.Build.0 = Debug|Any CPU
		{C675CEA8-201A-4BBA-A098-4661C1BDB6A2}.Release|Any CPU.ActiveCfg = Release|Any CPU
		{C675CEA8-201A-4BBA-A098-4661C1BDB6A2}.Release|Any CPU.Build.0 = Release|Any CPU
	EndGlobalSection
	GlobalSection(SolutionProperties) = preSolution
		HideSolutionNode = FALSE
	EndGlobalSection
	GlobalSection(ExtensibilityGlobals) = postSolution
		SolutionGuid = {E83AC668-8CB2-4956-8743-886E98CB1625}
	EndGlobalSection
EndGlobal
